
Microsoft Visual Studio Solution File, Format Version 12.00
# Visual Studio Version 17
VisualStudioVersion = 17.14.36414.22
MinimumVisualStudioVersion = 10.0.40219.1
Project("{FAE04EC0-301F-11D3-BF4B-00C04F79EFBC}") = "LSBenchmark", "LSBenchmark.csproj", "{9B60C18F-7735-4A37-9D55-6163AC4A92D9}"
EndProject
Global
	GlobalSection(SolutionConfigurationPlatforms) = preSolution
		Debug|Any CPU = Debug|Any CPU
		Release|Any CPU = Release|Any CPU
	EndGlobalSection
	GlobalSection(ProjectConfigurationPlatforms) = postSolution
		{9B60C18F-7735-4A37-9D55-6163AC4A92D9}.Debug|Any CPU.ActiveCfg = Debug|Any CPU
		{9B60C18F-7735-4A37-9D55-6163AC4A92D9}.Debug|Any CPU.Build.0 = Debug|Any CPU
		{9B60C18F-7735-4A37-9D55-6163AC4A92D9}.Release|Any CPU.ActiveCfg = Release|Any CPU
		{9B60C18F-7735-4A37-9D55-6163AC4A92D9}.Release|Any CPU.Build.0 = Release|Any CPU
	EndGlobalSection
	GlobalSection(SolutionProperties) = preSolution
		HideSolutionNode = FALSE
	EndGlobalSection
	GlobalSection(ExtensibilityGlobals) = postSolution
		SolutionGuid = {270E3DAC-8239-45F9-BA82-3416E55C21C2}
	EndGlobalSection
EndGlobal
